// !$*UTF8*$!
{
	archiveVersion = 1;
	classes = {
	};
	objectVersion = 55;
	objects = {

/* Begin PBXBuildFile section */
		EB8ECBDA27FFDD920045D06A /* MyAVPlayerViewController.swift in Sources */ = {isa = PBXBuildFile; fileRef = EB8ECBD927FFDD920045D06A /* MyAVPlayerViewController.swift */; };
		EB8ECBFB27FFF16A0045D06A /* MyParticle.sks in Resources */ = {isa = PBXBuildFile; fileRef = EB8ECBF927FFF16A0045D06A /* MyParticle.sks */; };
		EB8ECBFC27FFF16A0045D06A /* Assets.xcassets in Resources */ = {isa = PBXBuildFile; fileRef = EB8ECBFA27FFF16A0045D06A /* Assets.xcassets */; };
		EB8ECC2728002B760045D06A /* 羅志祥愛轉角.mp4 in Resources */ = {isa = PBXBuildFile; fileRef = EB8ECC1528002B710045D06A /* 羅志祥愛轉角.mp4 */; };
		EB8ECC3128002B760045D06A /* 盧廣仲魚仔.mp4 in Resources */ = {isa = PBXBuildFile; fileRef = EB8ECC1F28002B750045D06A /* 盧廣仲魚仔.mp4 */; };
		EB9775D527FDC9930014EC3D /* musicList.swift in Sources */ = {isa = PBXBuildFile; fileRef = EB9775D427FDC9930014EC3D /* musicList.swift */; };
		EBED50A627FDB54500AE5399 /* AppDelegate.swift in Sources */ = {isa = PBXBuildFile; fileRef = EBED50A527FDB54500AE5399 /* AppDelegate.swift */; };
		EBED50A827FDB54500AE5399 /* SceneDelegate.swift in Sources */ = {isa = PBXBuildFile; fileRef = EBED50A727FDB54500AE5399 /* SceneDelegate.swift */; };
		EBED50AA27FDB54500AE5399 /* ViewController.swift in Sources */ = {isa = PBXBuildFile; fileRef = EBED50A927FDB54500AE5399 /* ViewController.swift */; };
		EBED50AD27FDB54500AE5399 /* Main.storyboard in Resources */ = {isa = PBXBuildFile; fileRef = EBED50AB27FDB54500AE5399 /* Main.storyboard */; };
		EBED50B227FDB54700AE5399 /* LaunchScreen.storyboard in Resources */ = {isa = PBXBuildFile; fileRef = EBED50B027FDB54700AE5399 /* LaunchScreen.storyboard */; };
/* End PBXBuildFile section */

/* Begin PBXFileReference section */
		EB8ECBD927FFDD920045D06A /* MyAVPlayerViewController.swift */ = {isa = PBXFileReference; lastKnownFileType = sourcecode.swift; path = MyAVPlayerViewController.swift; sourceTree = "<group>"; };
		EB8ECBF927FFF16A0045D06A /* MyParticle.sks */ = {isa = PBXFileReference; lastKnownFileType = file.sks; path = MyParticle.sks; sourceTree = "<group>"; };
		EB8ECBFA27FFF16A0045D06A /* Assets.xcassets */ = {isa = PBXFileReference; lastKnownFileType = folder.assetcatalog; path = Assets.xcassets; sourceTree = "<group>"; };
		EB8ECC1528002B710045D06A /* 羅志祥愛轉角.mp4 */ = {isa = PBXFileReference; lastKnownFileType = file; path = "羅志祥愛轉角.mp4"; sourceTree = "<group>"; };
		EB8ECC1F28002B750045D06A /* 盧廣仲魚仔.mp4 */ = {isa = PBXFileReference; lastKnownFileType = file; path = "盧廣仲魚仔.mp4"; sourceTree = "<group>"; };
		EB9775D427FDC9930014EC3D /* musicList.swift */ = {isa = PBXFileReference; lastKnownFileType = sourcecode.swift; path = musicList.swift; sourceTree = "<group>"; };
		EBED50A227FDB54400AE5399 /* Work7_Music.app */ = {isa = PBXFileReference; explicitFileType = wrapper.application; includeInIndex = 0; path = Work7_Music.app; sourceTree = BUILT_PRODUCTS_DIR; };
		EBED50A527FDB54500AE5399 /* AppDelegate.swift */ = {isa = PBXFileReference; lastKnownFileType = sourcecode.swift; path = AppDelegate.swift; sourceTree = "<group>"; };
		EBED50A727FDB54500AE5399 /* SceneDelegate.swift */ = {isa = PBXFileReference; lastKnownFileType = sourcecode.swift; path = SceneDelegate.swift; sourceTree = "<group>"; };
		EBED50A927FDB54500AE5399 /* ViewController.swift */ = {isa = PBXFileReference; lastKnownFileType = sourcecode.swift; path = ViewController.swift; sourceTree = "<group>"; };
		EBED50AC27FDB54500AE5399 /* Base */ = {isa = PBXFileReference; lastKnownFileType = file.storyboard; name = Base; path = Base.lproj/Main.storyboard; sourceTree = "<group>"; };
		EBED50B127FDB54700AE5399 /* Base */ = {isa = PBXFileReference; lastKnownFileType = file.storyboard; name = Base; path = Base.lproj/LaunchScreen.storyboard; sourceTree = "<group>"; };
		EBED50B327FDB54700AE5399 /* Info.plist */ = {isa = PBXFileReference; lastKnownFileType = text.plist.xml; path = Info.plist; sourceTree = "<group>"; };
/* End PBXFileReference section */

/* Begin PBXFrameworksBuildPhase section */
		EBED509F27FDB54400AE5399 /* Frameworks */ = {
			isa = PBXFrameworksBuildPhase;
			buildActionMask = 2147483647;
			files = (
			);
			runOnlyForDeploymentPostprocessing = 0;
		};
/* End PBXFrameworksBuildPhase section */

/* Begin PBXGroup section */
		EBED509927FDB54400AE5399 = {
			isa = PBXGroup;
			children = (
				EBED50A427FDB54500AE5399 /* Work7_Music */,
				EBED50A327FDB54400AE5399 /* Products */,
			);
			sourceTree = "<group>";
		};
		EBED50A327FDB54400AE5399 /* Products */ = {
			isa = PBXGroup;
			children = (
				EBED50A227FDB54400AE5399 /* Work7_Music.app */,
			);
			name = Products;
			sourceTree = "<group>";
		};
		EBED50A427FDB54500AE5399 /* Work7_Music */ = {
			isa = PBXGroup;
			children = (
				EBED50A527FDB54500AE5399 /* AppDelegate.swift */,
				EBED50A727FDB54500AE5399 /* SceneDelegate.swift */,
				EBED50A927FDB54500AE5399 /* ViewController.swift */,
				EB8ECBD927FFDD920045D06A /* MyAVPlayerViewController.swift */,
				EB8ECBFA27FFF16A0045D06A /* Assets.xcassets */,
				EB9775D427FDC9930014EC3D /* musicList.swift */,
				EBED50AB27FDB54500AE5399 /* Main.storyboard */,
				EB8ECBF927FFF16A0045D06A /* MyParticle.sks */,
				EBED50B027FDB54700AE5399 /* LaunchScreen.storyboard */,
				EBED50B327FDB54700AE5399 /* Info.plist */,
				EB8ECC1F28002B750045D06A /* 盧廣仲魚仔.mp4 */,
				EB8ECC1528002B710045D06A /* 羅志祥愛轉角.mp4 */,
			);
			path = Work7_Music;
			sourceTree = "<group>";
		};
/* End PBXGroup section */

/* Begin PBXNativeTarget section */
		EBED50A127FDB54400AE5399 /* Work7_Music */ = {
			isa = PBXNativeTarget;
			buildConfigurationList = EBED50B627FDB54700AE5399 /* Build configuration list for PBXNativeTarget "Work7_Music" */;
			buildPhases = (
				EBED509E27FDB54400AE5399 /* Sources */,
				EBED509F27FDB54400AE5399 /* Frameworks */,
				EBED50A027FDB54400AE5399 /* Resources */,
			);
			buildRules = (
			);
			dependencies = (
			);
			name = Work7_Music;
			productName = Work7_Music;
			productReference = EBED50A227FDB54400AE5399 /* Work7_Music.app */;
			productType = "com.apple.product-type.application";
		};
/* End PBXNativeTarget section */

/* Begin PBXProject section */
		EBED509A27FDB54400AE5399 /* Project object */ = {
			isa = PBXProject;
			attributes = {
				BuildIndependentTargetsInParallel = 1;
				LastSwiftUpdateCheck = 1330;
				LastUpgradeCheck = 1330;
				TargetAttributes = {
					EBED50A127FDB54400AE5399 = {
						CreatedOnToolsVersion = 13.3;
					};
				};
			};
			buildConfigurationList = EBED509D27FDB54400AE5399 /* Build configuration list for PBXProject "Work7_Music" */;
			compatibilityVersion = "Xcode 13.0";
			developmentRegion = en;
			hasScannedForEncodings = 0;
			knownRegions = (
				en,
				Base,
			);
			mainGroup = EBED509927FDB54400AE5399;
			productRefGroup = EBED50A327FDB54400AE5399 /* Products */;
			projectDirPath = "";
			projectRoot = "";
			targets = (
				EBED50A127FDB54400AE5399 /* Work7_Music */,
			);
		};
/* End PBXProject section */

/* Begin PBXResourcesBuildPhase section */
		EBED50A027FDB54400AE5399 /* Resources */ = {
			isa = PBXResourcesBuildPhase;
			buildActionMask = 2147483647;
			files = (
				EBED50B227FDB54700AE5399 /* LaunchScreen.storyboard in Resources */,
				EB8ECBFB27FFF16A0045D06A /* MyParticle.sks in Resources */,
				EB8ECC3128002B760045D06A /* 盧廣仲魚仔.mp4 in Resources */,
				EB8ECBFC27FFF16A0045D06A /* Assets.xcassets in Resources */,
				EB8ECC2728002B760045D06A /* 羅志祥愛轉角.mp4 in Resources */,
				EBED50AD27FDB54500AE5399 /* Main.storyboard in Resources */,
			);
			runOnlyForDeploymentPostprocessing = 0;
		};
/* End PBXResourcesBuildPhase section */

/* Begin PBXSourcesBuildPhase section */
		EBED509E27FDB54400AE5399 /* Sources */ = {
			isa = PBXSourcesBuildPhase;
			buildActionMask = 2147483647;
			files = (
				EBED50AA27FDB54500AE5399 /* ViewController.swift in Sources */,
				EBED50A627FDB54500AE5399 /* AppDelegate.swift in Sources */,
				EBED50A827FDB54500AE5399 /* SceneDelegate.swift in Sources */,
				EB9775D527FDC9930014EC3D /* musicList.swift in Sources */,
				EB8ECBDA27FFDD920045D06A /* MyAVPlayerViewController.swift in Sources */,
			);
			runOnlyForDeploymentPostprocessing = 0;
		};
/* End PBXSourcesBuildPhase section */

/* Begin PBXVariantGroup section */
		EBED50AB27FDB54500AE5399 /* Main.storyboard */ = {
			isa = PBXVariantGroup;
			children = (
				EBED50AC27FDB54500AE5399 /* Base */,
			);
			name = Main.storyboard;
			sourceTree = "<group>";
		};
		EBED50B027FDB54700AE5399 /* LaunchScreen.storyboard */ = {
			isa = PBXVariantGroup;
			children = (
				EBED50B127FDB54700AE5399 /* Base */,
			);
			name = LaunchScreen.storyboard;
			sourceTree = "<group>";
		};
/* End PBXVariantGroup section */

/* Begin XCBuildConfiguration section */
		EBED50B427FDB54700AE5399 /* Debug */ = {
			isa = XCBuildConfiguration;
			buildSettings = {
				ALWAYS_SEARCH_USER_PATHS = NO;
				CLANG_ANALYZER_NONNULL = YES;
				CLANG_ANALYZER_NUMBER_OBJECT_CONVERSION = YES_AGGRESSIVE;
				CLANG_CXX_LANGUAGE_STANDARD = "gnu++17";
				CLANG_ENABLE_MODULES = YES;
				CLANG_ENABLE_OBJC_ARC = YES;
				CLANG_ENABLE_OBJC_WEAK = YES;
				CLANG_WARN_BLOCK_CAPTURE_AUTORELEASING = YES;
				CLANG_WARN_BOOL_CONVERSION = YES;
				CLANG_WARN_COMMA = YES;
				CLANG_WARN_CONSTANT_CONVERSION = YES;
				CLANG_WARN_DEPRECATED_OBJC_IMPLEMENTATIONS = YES;
				CLANG_WARN_DIRECT_OBJC_ISA_USAGE = YES_ERROR;
				CLANG_WARN_DOCUMENTATION_COMMENTS = YES;
				CLANG_WARN_EMPTY_BODY = YES;
				CLANG_WARN_ENUM_CONVERSION = YES;
				CLANG_WARN_INFINITE_RECURSION = YES;
				CLANG_WARN_INT_CONVERSION = YES;
				CLANG_WARN_NON_LITERAL_NULL_CONVERSION = YES;
				CLANG_WARN_OBJC_IMPLICIT_RETAIN_SELF = YES;
				CLANG_WARN_OBJC_LITERAL_CONVERSION = YES;
				CLANG_WARN_OBJC_ROOT_CLASS = YES_ERROR;
				CLANG_WARN_QUOTED_INCLUDE_IN_FRAMEWORK_HEADER = YES;
				CLANG_WARN_RANGE_LOOP_ANALYSIS = YES;
				CLANG_WARN_STRICT_PROTOTYPES = YES;
				CLANG_WARN_SUSPICIOUS_MOVE = YES;
				CLANG_WARN_UNGUARDED_AVAILABILITY = YES_AGGRESSIVE;
				CLANG_WARN_UNREACHABLE_CODE = YES;
				CLANG_WARN__DUPLICATE_METHOD_MATCH = YES;
				COPY_PHASE_STRIP = NO;
				DEBUG_INFORMATION_FORMAT = dwarf;
				ENABLE_STRICT_OBJC_MSGSEND = YES;
				ENABLE_TESTABILITY = YES;
				GCC_C_LANGUAGE_STANDARD = gnu11;
				GCC_DYNAMIC_NO_PIC = NO;
				GCC_NO_COMMON_BLOCKS = YES;
				GCC_OPTIMIZATION_LEVEL = 0;
				GCC_PREPROCESSOR_DEFINITIONS = (
					"DEBUG=1",
					"$(inherited)",
				);
				GCC_WARN_64_TO_32_BIT_CONVERSION = YES;
				GCC_WARN_ABOUT_RETURN_TYPE = YES_ERROR;
				GCC_WARN_UNDECLARED_SELECTOR = YES;
				GCC_WARN_UNINITIALIZED_AUTOS = YES_AGGRESSIVE;
				GCC_WARN_UNUSED_FUNCTION = YES;
				GCC_WARN_UNUSED_VARIABLE = YES;
				IPHONEOS_DEPLOYMENT_TARGET = 15.4;
				MTL_ENABLE_DEBUG_INFO = INCLUDE_SOURCE;
				MTL_FAST_MATH = YES;
				ONLY_ACTIVE_ARCH = YES;
				SDKROOT = iphoneos;
				SWIFT_ACTIVE_COMPILATION_CONDITIONS = DEBUG;
				SWIFT_OPTIMIZATION_LEVEL = "-Onone";
			};
			name = Debug;
		};
		EBED50B527FDB54700AE5399 /* Release */ = {
			isa = XCBuildConfiguration;
			buildSettings = {
				ALWAYS_SEARCH_USER_PATHS = NO;
				CLANG_ANALYZER_NONNULL = YES;
				CLANG_ANALYZER_NUMBER_OBJECT_CONVERSION = YES_AGGRESSIVE;
				CLANG_CXX_LANGUAGE_STANDARD = "gnu++17";
				CLANG_ENABLE_MODULES = YES;
				CLANG_ENABLE_OBJC_ARC = YES;
				CLANG_ENABLE_OBJC_WEAK = YES;
				CLANG_WARN_BLOCK_CAPTURE_AUTORELEASING = YES;
				CLANG_WARN_BOOL_CONVERSION = YES;
				CLANG_WARN_COMMA = YES;
				CLANG_WARN_CONSTANT_CONVERSION = YES;
				CLANG_WARN_DEPRECATED_OBJC_IMPLEMENTATIONS = YES;
				CLANG_WARN_DIRECT_OBJC_ISA_USAGE = YES_ERROR;
				CLANG_WARN_DOCUMENTATION_COMMENTS = YES;
				CLANG_WARN_EMPTY_BODY = YES;
				CLANG_WARN_ENUM_CONVERSION = YES;
				CLANG_WARN_INFINITE_RECURSION = YES;
				CLANG_WARN_INT_CONVERSION = YES;
				CLANG_WARN_NON_LITERAL_NULL_CONVERSION = YES;
				CLANG_WARN_OBJC_IMPLICIT_RETAIN_SELF = YES;
				CLANG_WARN_OBJC_LITERAL_CONVERSION = YES;
				CLANG_WARN_OBJC_ROOT_CLASS = YES_ERROR;
				CLANG_WARN_QUOTED_INCLUDE_IN_FRAMEWORK_HEADER = YES;
				CLANG_WARN_RANGE_LOOP_ANALYSIS = YES;
				CLANG_WARN_STRICT_PROTOTYPES = YES;
				CLANG_WARN_SUSPICIOUS_MOVE = YES;
				CLANG_WARN_UNGUARDED_AVAILABILITY = YES_AGGRESSIVE;
				CLANG_WARN_UNREACHABLE_CODE = YES;
				CLANG_WARN__DUPLICATE_METHOD_MATCH = YES;
				COPY_PHASE_STRIP = NO;
				DEBUG_INFORMATION_FORMAT = "dwarf-with-dsym";
				ENABLE_NS_ASSERTIONS = NO;
				ENABLE_STRICT_OBJC_MSGSEND = YES;
				GCC_C_LANGUAGE_STANDARD = gnu11;
				GCC_NO_COMMON_BLOCKS = YES;
				GCC_WARN_64_TO_32_BIT_CONVERSION = YES;
				GCC_WARN_ABOUT_RETURN_TYPE = YES_ERROR;
				GCC_WARN_UNDECLARED_SELECTOR = YES;
				GCC_WARN_UNINITIALIZED_AUTOS = YES_AGGRESSIVE;
				GCC_WARN_UNUSED_FUNCTION = YES;
				GCC_WARN_UNUSED_VARIABLE = YES;
				IPHONEOS_DEPLOYMENT_TARGET = 15.4;
				MTL_ENABLE_DEBUG_INFO = NO;
				MTL_FAST_MATH = YES;
				SDKROOT = iphoneos;
				SWIFT_COMPILATION_MODE = wholemodule;
				SWIFT_OPTIMIZATION_LEVEL = "-O";
				VALIDATE_PRODUCT = YES;
			};
			name = Release;
		};
		EBED50B727FDB54700AE5399 /* Debug */ = {
			isa = XCBuildConfiguration;
			buildSettings = {
				ASSETCATALOG_COMPILER_APPICON_NAME = AppIcon;
				ASSETCATALOG_COMPILER_GLOBAL_ACCENT_COLOR_NAME = AccentColor;
				CODE_SIGN_STYLE = Automatic;
				CURRENT_PROJECT_VERSION = 1;
				GENERATE_INFOPLIST_FILE = YES;
				INFOPLIST_FILE = Work7_Music/Info.plist;
				INFOPLIST_KEY_UIApplicationSupportsIndirectInputEvents = YES;
				INFOPLIST_KEY_UILaunchStoryboardName = LaunchScreen;
				INFOPLIST_KEY_UIMainStoryboardFile = Main;
				INFOPLIST_KEY_UISupportedInterfaceOrientations_iPad = "UIInterfaceOrientationPortrait UIInterfaceOrientationPortraitUpsideDown UIInterfaceOrientationLandscapeLeft UIInterfaceOrientationLandscapeRight";
				INFOPLIST_KEY_UISupportedInterfaceOrientations_iPhone = "UIInterfaceOrientationPortrait UIInterfaceOrientationLandscapeLeft UIInterfaceOrientationLandscapeRight";
				LD_RUNPATH_SEARCH_PATHS = (
					"$(inherited)",
					"@executable_path/Frameworks",
				);
				MARKETING_VERSION = 1.0;
				PRODUCT_BUNDLE_IDENTIFIER = "Jim.com.Work7-Music";
				PRODUCT_NAME = "$(TARGET_NAME)";
				SWIFT_EMIT_LOC_STRINGS = YES;
				SWIFT_VERSION = 5.0;
				TARGETED_DEVICE_FAMILY = "1,2";
			};
			name = Debug;
		};
		EBED50B827FDB54700AE5399 /* Release */ = {
			isa = XCBuildConfiguration;
			buildSettings = {
				ASSETCATALOG_COMPILER_APPICON_NAME = AppIcon;
				ASSETCATALOG_COMPILER_GLOBAL_ACCENT_COLOR_NAME = AccentColor;
				CODE_SIGN_STYLE = Automatic;
				CURRENT_PROJECT_VERSION = 1;
				GENERATE_INFOPLIST_FILE = YES;
				INFOPLIST_FILE = Work7_Music/Info.plist;
				INFOPLIST_KEY_UIApplicationSupportsIndirectInputEvents = YES;
				INFOPLIST_KEY_UILaunchStoryboardName = LaunchScreen;
				INFOPLIST_KEY_UIMainStoryboardFile = Main;
				INFOPLIST_KEY_UISupportedInterfaceOrientations_iPad = "UIInterfaceOrientationPortrait UIInterfaceOrientationPortraitUpsideDown UIInterfaceOrientationLandscapeLeft UIInterfaceOrientationLandscapeRight";
				INFOPLIST_KEY_UISupportedInterfaceOrientations_iPhone = "UIInterfaceOrientationPortrait UIInterfaceOrientationLandscapeLeft UIInterfaceOrientationLandscapeRight";
				LD_RUNPATH_SEARCH_PATHS = (
					"$(inherited)",
					"@executable_path/Frameworks",
				);
				MARKETING_VERSION = 1.0;
				PRODUCT_BUNDLE_IDENTIFIER = "Jim.com.Work7-Music";
				PRODUCT_NAME = "$(TARGET_NAME)";
				SWIFT_EMIT_LOC_STRINGS = YES;
				SWIFT_VERSION = 5.0;
				TARGETED_DEVICE_FAMILY = "1,2";
			};
			name = Release;
		};
/* End XCBuildConfiguration section */

/* Begin XCConfigurationList section */
		EBED509D27FDB54400AE5399 /* Build configuration list for PBXProject "Work7_Music" */ = {
			isa = XCConfigurationList;
			buildConfigurations = (
				EBED50B427FDB54700AE5399 /* Debug */,
				EBED50B527FDB54700AE5399 /* Release */,
			);
			defaultConfigurationIsVisible = 0;
			defaultConfigurationName = Release;
		};
		EBED50B627FDB54700AE5399 /* Build configuration list for PBXNativeTarget "Work7_Music" */ = {
			isa = XCConfigurationList;
			buildConfigurations = (
				EBED50B727FDB54700AE5399 /* Debug */,
				EBED50B827FDB54700AE5399 /* Release */,
			);
			defaultConfigurationIsVisible = 0;
			defaultConfigurationName = Release;
		};
/* End XCConfigurationList section */
	};
	rootObject = EBED509A27FDB54400AE5399 /* Project object */;
}
